
Microsoft Visual Studio Solution File, Format Version 12.00
# Visual Studio 15
Project("{FAE04EC0-301F-11D3-BF4B-00C04F79EFBC}") = "Assembly-CSharp", "Assembly-CSharp.csproj", "{7A95CF7A-A20B-AC92-1C7A-370DB521715D}"
EndProject
Project("{FAE04EC0-301F-11D3-BF4B-00C04F79EFBC}") = "Assembly-CSharp-Editor", "Assembly-CSharp-Editor.csproj", "{DA399E8C-76C9-FC8E-C5B2-EA86F4C138EB}"
EndProject
Global
	GlobalSection(SolutionConfigurationPlatforms) = preSolution
		Debug|Any CPU = Debug|Any CPU
		Release|Any CPU = Release|Any CPU
	EndGlobalSection
	GlobalSection(ProjectConfigurationPlatforms) = postSolution
		{7A95CF7A-A20B-AC92-1C7A-370DB521715D}.Debug|Any CPU.ActiveCfg = Debug|Any CPU
		{7A95CF7A-A20B-AC92-1C7A-370DB521715D}.Debug|Any CPU.Build.0 = Debug|Any CPU
		{7A95CF7A-A20B-AC92-1C7A-370DB521715D}.Release|Any CPU.ActiveCfg = Release|Any CPU
		{7A95CF7A-A20B-AC92-1C7A-370DB521715D}.Release|Any CPU.Build.0 = Release|Any CPU
		{DA399E8C-76C9-FC8E-C5B2-EA86F4C138EB}.Debug|Any CPU.ActiveCfg = Debug|Any CPU
		{DA399E8C-76C9-FC8E-C5B2-EA86F4C138EB}.Debug|Any CPU.Build.0 = Debug|Any CPU
		{DA399E8C-76C9-FC8E-C5B2-EA86F4C138EB}.Release|Any CPU.ActiveCfg = Release|Any CPU
		{DA399E8C-76C9-FC8E-C5B2-EA86F4C138EB}.Release|Any CPU.Build.0 = Release|Any CPU
	EndGlobalSection
	GlobalSection(SolutionProperties) = preSolution
		HideSolutionNode = FALSE
	EndGlobalSection
EndGlobal
